
Microsoft Visual Studio Solution File, Format Version 12.00
# Visual Studio Version 16
VisualStudioVersion = 16.0.28803.452
MinimumVisualStudioVersion = 15.0.26124.0
Project("{2150E333-8FDC-42A3-9474-1A3956D46DE8}") = "src", "src", "{652F383B-53F2-4CEE-A443-FC3F40F7190C}"
EndProject
Project("{9A19103F-16F7-4668-BE54-9A1E7A4F7556}") = "example", "src\example\example.csproj", "{5DC5EFCD-CE12-41A7-90D0-599A6E8E8492}"
EndProject
Global
	GlobalSection(SolutionConfigurationPlatforms) = preSolution
		Debug|Any CPU = Debug|Any CPU
		Debug|x64 = Debug|x64
		Debug|x86 = Debug|x86
		Release|Any CPU = Release|Any CPU
		Release|x64 = Release|x64
		Release|x86 = Release|x86
	EndGlobalSection
	GlobalSection(ProjectConfigurationPlatforms) = postSolution
		{5DC5EFCD-CE12-41A7-90D0-599A6E8E8492}.Debug|Any CPU.ActiveCfg = Debug|Any CPU
		{5DC5EFCD-CE12-41A7-90D0-599A6E8E8492}.Debug|Any CPU.Build.0 = Debug|Any CPU
		{5DC5EFCD-CE12-41A7-90D0-599A6E8E8492}.Debug|x64.ActiveCfg = Debug|Any CPU
		{5DC5EFCD-CE12-41A7-90D0-599A6E8E8492}.Debug|x64.Build.0 = Debug|Any CPU
		{5DC5EFCD-CE12-41A7-90D0-599A6E8E8492}.Debug|x86.ActiveCfg = Debug|Any CPU
		{5DC5EFCD-CE12-41A7-90D0-599A6E8E8492}.Debug|x86.Build.0 = Debug|Any CPU
		{5DC5EFCD-CE12-41A7-90D0-599A6E8E8492}.Release|Any CPU.ActiveCfg = Release|Any CPU
		{5DC5EFCD-CE12-41A7-90D0-599A6E8E8492}.Release|Any CPU.Build.0 = Release|Any CPU
		{5DC5EFCD-CE12-41A7-90D0-599A6E8E8492}.Release|x64.ActiveCfg = Release|Any CPU
		{5DC5EFCD-CE12-41A7-90D0-599A6E8E8492}.Release|x64.Build.0 = Release|Any CPU
		{5DC5EFCD-CE12-41A7-90D0-599A6E8E8492}.Release|x86.ActiveCfg = Release|Any CPU
		{5DC5EFCD-CE12-41A7-90D0-599A6E8E8492}.Release|x86.Build.0 = Release|Any CPU
	EndGlobalSection
	GlobalSection(SolutionProperties) = preSolution
		HideSolutionNode = FALSE
	EndGlobalSection
	GlobalSection(NestedProjects) = preSolution
		{5DC5EFCD-CE12-41A7-90D0-599A6E8E8492} = {652F383B-53F2-4CEE-A443-FC3F40F7190C}
	EndGlobalSection
	GlobalSection(ExtensibilityGlobals) = postSolution
		SolutionGuid = {CBC43DD3-2BA6-4BA4-9B00-54E7AE674CEA}
	EndGlobalSection
EndGlobal
